# This file is automatically @generated by Poetry 1.7.0 and should not be changed by hand.

[[package]]
name = "pysubs2"
version = "1.6.1"
description = "A library for editing subtitle files"
optional = false
python-versions = ">=3.7"
files = [
    {file = "pysubs2-1.6.1-py3-none-any.whl", hash = "sha256:1f96d9dfb5f859a54a00e04621beb20ff21ea1d788821b2f4935c5c0ef8dc68e"},
    {file = "pysubs2-1.6.1.tar.gz", hash = "sha256:0261611e71735ff7763972c519c72593c8063efcb9039c54af65f31b81cec116"},
]

[package.source]
type = "legacy"
url = "https://mirrors.tuna.tsinghua.edu.cn/pypi/web/simple"
reference = "mirrors"

[[package]]
name = "whisperx"
version = "3.1.1"
description = "Time-Accurate Automatic Speech Recognition using Whisper."
optional = false
python-versions = ">=3.8"
files = []
develop = false

[package.extras]
dev = ["pytest"]

[package.source]
type = "git"
url = "https://github.com/m-bain/whisperx.git"
reference = "52fbe5c26f0960f80fa096f7a7f0e4a55eb7bb12"
resolved_reference = "52fbe5c26f0960f80fa096f7a7f0e4a55eb7bb12"

[metadata]
lock-version = "2.0"
python-versions = "^3.8"
content-hash = "c11121a05ab18f9f62906d9f1f4694a820bb125b8081780484b505928353b7b1"
